
Microsoft Visual Studio Solution File, Format Version 12.00
# Visual Studio 15
VisualStudioVersion = 15.0.28307.1705
MinimumVisualStudioVersion = 10.0.40219.1
Project("{FAE04EC0-301F-11D3-BF4B-00C04F79EFBC}") = "WpfApp5", "WpfApp5\WpfApp5.csproj", "{E43B9CAC-EAED-44A0-8C20-65E336C26F30}"
EndProject
Global
	GlobalSection(SolutionConfigurationPlatforms) = preSolution
		Debug|Any CPU = Debug|Any CPU
		Release|Any CPU = Release|Any CPU
	EndGlobalSection
	GlobalSection(ProjectConfigurationPlatforms) = postSolution
		{E43B9CAC-EAED-44A0-8C20-65E336C26F30}.Debug|Any CPU.ActiveCfg = Debug|Any CPU
		{E43B9CAC-EAED-44A0-8C20-65E336C26F30}.Debug|Any CPU.Build.0 = Debug|Any CPU
		{E43B9CAC-EAED-44A0-8C20-65E336C26F30}.Release|Any CPU.ActiveCfg = Release|Any CPU
		{E43B9CAC-EAED-44A0-8C20-65E336C26F30}.Release|Any CPU.Build.0 = Release|Any CPU
	EndGlobalSection
	GlobalSection(SolutionProperties) = preSolution
		HideSolutionNode = FALSE
	EndGlobalSection
	GlobalSection(ExtensibilityGlobals) = postSolution
		SolutionGuid = {F1D0E19F-D916-4993-9472-E7A8A14D5BEC}
	EndGlobalSection
EndGlobal
